// !$*UTF8*$!
{
	archiveVersion = 1;
	classes = {
	};
	objectVersion = 50;
	objects = {

/* Begin PBXBuildFile section */
		780822DE25A09C5B00F47810 /* AppDelegate.swift in Sources */ = {isa = PBXBuildFile; fileRef = 780822DD25A09C5B00F47810 /* AppDelegate.swift */; };
		780822E025A09C5B00F47810 /* SceneDelegate.swift in Sources */ = {isa = PBXBuildFile; fileRef = 780822DF25A09C5B00F47810 /* SceneDelegate.swift */; };
		780822E225A09C5B00F47810 /* ContentView.swift in Sources */ = {isa = PBXBuildFile; fileRef = 780822E125A09C5B00F47810 /* ContentView.swift */; };
		780822E425A09C5D00F47810 /* Assets.xcassets in Resources */ = {isa = PBXBuildFile; fileRef = 780822E325A09C5D00F47810 /* Assets.xcassets */; };
		780822E725A09C5D00F47810 /* Preview Assets.xcassets in Resources */ = {isa = PBXBuildFile; fileRef = 780822E625A09C5D00F47810 /* Preview Assets.xcassets */; };
		780822EA25A09C5D00F47810 /* LaunchScreen.storyboard in Resources */ = {isa = PBXBuildFile; fileRef = 780822E825A09C5D00F47810 /* LaunchScreen.storyboard */; };
/* End PBXBuildFile section */

/* Begin PBXFileReference section */
		780822DA25A09C5B00F47810 /* SweetSwiftUIStateAndBinding.app */ = {isa = PBXFileReference; explicitFileType = wrapper.application; includeInIndex = 0; path = SweetSwiftUIStateAndBinding.app; sourceTree = BUILT_PRODUCTS_DIR; };
		780822DD25A09C5B00F47810 /* AppDelegate.swift */ = {isa = PBXFileReference; lastKnownFileType = sourcecode.swift; path = AppDelegate.swift; sourceTree = "<group>"; };
		780822DF25A09C5B00F47810 /* SceneDelegate.swift */ = {isa = PBXFileReference; lastKnownFileType = sourcecode.swift; path = SceneDelegate.swift; sourceTree = "<group>"; };
		780822E125A09C5B00F47810 /* ContentView.swift */ = {isa = PBXFileReference; lastKnownFileType = sourcecode.swift; path = ContentView.swift; sourceTree = "<group>"; };
		780822E325A09C5D00F47810 /* Assets.xcassets */ = {isa = PBXFileReference; lastKnownFileType = folder.assetcatalog; path = Assets.xcassets; sourceTree = "<group>"; };
		780822E625A09C5D00F47810 /* Preview Assets.xcassets */ = {isa = PBXFileReference; lastKnownFileType = folder.assetcatalog; path = "Preview Assets.xcassets"; sourceTree = "<group>"; };
		780822E925A09C5D00F47810 /* Base */ = {isa = PBXFileReference; lastKnownFileType = file.storyboard; name = Base; path = Base.lproj/LaunchScreen.storyboard; sourceTree = "<group>"; };
		780822EB25A09C5D00F47810 /* Info.plist */ = {isa = PBXFileReference; lastKnownFileType = text.plist.xml; path = Info.plist; sourceTree = "<group>"; };
/* End PBXFileReference section */

/* Begin PBXFrameworksBuildPhase section */
		780822D725A09C5B00F47810 /* Frameworks */ = {
			isa = PBXFrameworksBuildPhase;
			buildActionMask = 2147483647;
			files = (
			);
			runOnlyForDeploymentPostprocessing = 0;
		};
/* End PBXFrameworksBuildPhase section */

/* Begin PBXGroup section */
		780822D125A09C5A00F47810 = {
			isa = PBXGroup;
			children = (
				780822DC25A09C5B00F47810 /* SweetSwiftUIStateAndBinding */,
				780822DB25A09C5B00F47810 /* Products */,
			);
			sourceTree = "<group>";
		};
		780822DB25A09C5B00F47810 /* Products */ = {
			isa = PBXGroup;
			children = (
				780822DA25A09C5B00F47810 /* SweetSwiftUIStateAndBinding.app */,
			);
			name = Products;
			sourceTree = "<group>";
		};
		780822DC25A09C5B00F47810 /* SweetSwiftUIStateAndBinding */ = {
			isa = PBXGroup;
			children = (
				780822DD25A09C5B00F47810 /* AppDelegate.swift */,
				780822DF25A09C5B00F47810 /* SceneDelegate.swift */,
				780822E125A09C5B00F47810 /* ContentView.swift */,
				780822E325A09C5D00F47810 /* Assets.xcassets */,
				780822E825A09C5D00F47810 /* LaunchScreen.storyboard */,
				780822EB25A09C5D00F47810 /* Info.plist */,
				780822E525A09C5D00F47810 /* Preview Content */,
			);
			path = SweetSwiftUIStateAndBinding;
			sourceTree = "<group>";
		};
		780822E525A09C5D00F47810 /* Preview Content */ = {
			isa = PBXGroup;
			children = (
				780822E625A09C5D00F47810 /* Preview Assets.xcassets */,
			);
			path = "Preview Content";
			sourceTree = "<group>";
		};
/* End PBXGroup section */

/* Begin PBXNativeTarget section */
		780822D925A09C5B00F47810 /* SweetSwiftUIStateAndBinding */ = {
			isa = PBXNativeTarget;
			buildConfigurationList = 780822EE25A09C5D00F47810 /* Build configuration list for PBXNativeTarget "SweetSwiftUIStateAndBinding" */;
			buildPhases = (
				780822D625A09C5B00F47810 /* Sources */,
				780822D725A09C5B00F47810 /* Frameworks */,
				780822D825A09C5B00F47810 /* Resources */,
			);
			buildRules = (
			);
			dependencies = (
			);
			name = SweetSwiftUIStateAndBinding;
			productName = SweetSwiftUIStateAndBinding;
			productReference = 780822DA25A09C5B00F47810 /* SweetSwiftUIStateAndBinding.app */;
			productType = "com.apple.product-type.application";
		};
/* End PBXNativeTarget section */

/* Begin PBXProject section */
		780822D225A09C5A00F47810 /* Project object */ = {
			isa = PBXProject;
			attributes = {
				LastSwiftUpdateCheck = 1220;
				LastUpgradeCheck = 1220;
				TargetAttributes = {
					780822D925A09C5B00F47810 = {
						CreatedOnToolsVersion = 12.2;
					};
				};
			};
			buildConfigurationList = 780822D525A09C5A00F47810 /* Build configuration list for PBXProject "SweetSwiftUIStateAndBinding" */;
			compatibilityVersion = "Xcode 9.3";
			developmentRegion = en;
			hasScannedForEncodings = 0;
			knownRegions = (
				en,
				Base,
			);
			mainGroup = 780822D125A09C5A00F47810;
			productRefGroup = 780822DB25A09C5B00F47810 /* Products */;
			projectDirPath = "";
			projectRoot = "";
			targets = (
				780822D925A09C5B00F47810 /* SweetSwiftUIStateAndBinding */,
			);
		};
/* End PBXProject section */

/* Begin PBXResourcesBuildPhase section */
		780822D825A09C5B00F47810 /* Resources */ = {
			isa = PBXResourcesBuildPhase;
			buildActionMask = 2147483647;
			files = (
				780822EA25A09C5D00F47810 /* LaunchScreen.storyboard in Resources */,
				780822E725A09C5D00F47810 /* Preview Assets.xcassets in Resources */,
				780822E425A09C5D00F47810 /* Assets.xcassets in Resources */,
			);
			runOnlyForDeploymentPostprocessing = 0;
		};
/* End PBXResourcesBuildPhase section */

/* Begin PBXSourcesBuildPhase section */
		780822D625A09C5B00F47810 /* Sources */ = {
			isa = PBXSourcesBuildPhase;
			buildActionMask = 2147483647;
			files = (
				780822DE25A09C5B00F47810 /* AppDelegate.swift in Sources */,
				780822E025A09C5B00F47810 /* SceneDelegate.swift in Sources */,
				780822E225A09C5B00F47810 /* ContentView.swift in Sources */,
			);
			runOnlyForDeploymentPostprocessing = 0;
		};
/* End PBXSourcesBuildPhase section */

/* Begin PBXVariantGroup section */
		780822E825A09C5D00F47810 /* LaunchScreen.storyboard */ = {
			isa = PBXVariantGroup;
			children = (
				780822E925A09C5D00F47810 /* Base */,
			);
			name = LaunchScreen.storyboard;
			sourceTree = "<group>";
		};
/* End PBXVariantGroup section */

/* Begin XCBuildConfiguration section */
		780822EC25A09C5D00F47810 /* Debug */ = {
			isa = XCBuildConfiguration;
			buildSettings = {
				ALWAYS_SEARCH_USER_PATHS = NO;
				CLANG_ANALYZER_NONNULL = YES;
				CLANG_ANALYZER_NUMBER_OBJECT_CONVERSION = YES_AGGRESSIVE;
				CLANG_CXX_LANGUAGE_STANDARD = "gnu++14";
				CLANG_CXX_LIBRARY = "libc++";
				CLANG_ENABLE_MODULES = YES;
				CLANG_ENABLE_OBJC_ARC = YES;
				CLANG_ENABLE_OBJC_WEAK = YES;
				CLANG_WARN_BLOCK_CAPTURE_AUTORELEASING = YES;
				CLANG_WARN_BOOL_CONVERSION = YES;
				CLANG_WARN_COMMA = YES;
				CLANG_WARN_CONSTANT_CONVERSION = YES;
				CLANG_WARN_DEPRECATED_OBJC_IMPLEMENTATIONS = YES;
				CLANG_WARN_DIRECT_OBJC_ISA_USAGE = YES_ERROR;
				CLANG_WARN_DOCUMENTATION_COMMENTS = YES;
				CLANG_WARN_EMPTY_BODY = YES;
				CLANG_WARN_ENUM_CONVERSION = YES;
				CLANG_WARN_INFINITE_RECURSION = YES;
				CLANG_WARN_INT_CONVERSION = YES;
				CLANG_WARN_NON_LITERAL_NULL_CONVERSION = YES;
				CLANG_WARN_OBJC_IMPLICIT_RETAIN_SELF = YES;
				CLANG_WARN_OBJC_LITERAL_CONVERSION = YES;
				CLANG_WARN_OBJC_ROOT_CLASS = YES_ERROR;
				CLANG_WARN_QUOTED_INCLUDE_IN_FRAMEWORK_HEADER = YES;
				CLANG_WARN_RANGE_LOOP_ANALYSIS = YES;
				CLANG_WARN_STRICT_PROTOTYPES = YES;
				CLANG_WARN_SUSPICIOUS_MOVE = YES;
				CLANG_WARN_UNGUARDED_AVAILABILITY = YES_AGGRESSIVE;
				CLANG_WARN_UNREACHABLE_CODE = YES;
				CLANG_WARN__DUPLICATE_METHOD_MATCH = YES;
				COPY_PHASE_STRIP = NO;
				DEBUG_INFORMATION_FORMAT = dwarf;
				ENABLE_STRICT_OBJC_MSGSEND = YES;
				ENABLE_TESTABILITY = YES;
				GCC_C_LANGUAGE_STANDARD = gnu11;
				GCC_DYNAMIC_NO_PIC = NO;
				GCC_NO_COMMON_BLOCKS = YES;
				GCC_OPTIMIZATION_LEVEL = 0;
				GCC_PREPROCESSOR_DEFINITIONS = (
					"DEBUG=1",
					"$(inherited)",
				);
				GCC_WARN_64_TO_32_BIT_CONVERSION = YES;
				GCC_WARN_ABOUT_RETURN_TYPE = YES_ERROR;
				GCC_WARN_UNDECLARED_SELECTOR = YES;
				GCC_WARN_UNINITIALIZED_AUTOS = YES_AGGRESSIVE;
				GCC_WARN_UNUSED_FUNCTION = YES;
				GCC_WARN_UNUSED_VARIABLE = YES;
				IPHONEOS_DEPLOYMENT_TARGET = 14.2;
				MTL_ENABLE_DEBUG_INFO = INCLUDE_SOURCE;
				MTL_FAST_MATH = YES;
				ONLY_ACTIVE_ARCH = YES;
				SDKROOT = iphoneos;
				SWIFT_ACTIVE_COMPILATION_CONDITIONS = DEBUG;
				SWIFT_OPTIMIZATION_LEVEL = "-Onone";
			};
			name = Debug;
		};
		780822ED25A09C5D00F47810 /* Release */ = {
			isa = XCBuildConfiguration;
			buildSettings = {
				ALWAYS_SEARCH_USER_PATHS = NO;
				CLANG_ANALYZER_NONNULL = YES;
				CLANG_ANALYZER_NUMBER_OBJECT_CONVERSION = YES_AGGRESSIVE;
				CLANG_CXX_LANGUAGE_STANDARD = "gnu++14";
				CLANG_CXX_LIBRARY = "libc++";
				CLANG_ENABLE_MODULES = YES;
				CLANG_ENABLE_OBJC_ARC = YES;
				CLANG_ENABLE_OBJC_WEAK = YES;
				CLANG_WARN_BLOCK_CAPTURE_AUTORELEASING = YES;
				CLANG_WARN_BOOL_CONVERSION = YES;
				CLANG_WARN_COMMA = YES;
				CLANG_WARN_CONSTANT_CONVERSION = YES;
				CLANG_WARN_DEPRECATED_OBJC_IMPLEMENTATIONS = YES;
				CLANG_WARN_DIRECT_OBJC_ISA_USAGE = YES_ERROR;
				CLANG_WARN_DOCUMENTATION_COMMENTS = YES;
				CLANG_WARN_EMPTY_BODY = YES;
				CLANG_WARN_ENUM_CONVERSION = YES;
				CLANG_WARN_INFINITE_RECURSION = YES;
				CLANG_WARN_INT_CONVERSION = YES;
				CLANG_WARN_NON_LITERAL_NULL_CONVERSION = YES;
				CLANG_WARN_OBJC_IMPLICIT_RETAIN_SELF = YES;
				CLANG_WARN_OBJC_LITERAL_CONVERSION = YES;
				CLANG_WARN_OBJC_ROOT_CLASS = YES_ERROR;
				CLANG_WARN_QUOTED_INCLUDE_IN_FRAMEWORK_HEADER = YES;
				CLANG_WARN_RANGE_LOOP_ANALYSIS = YES;
				CLANG_WARN_STRICT_PROTOTYPES = YES;
				CLANG_WARN_SUSPICIOUS_MOVE = YES;
				CLANG_WARN_UNGUARDED_AVAILABILITY = YES_AGGRESSIVE;
				CLANG_WARN_UNREACHABLE_CODE = YES;
				CLANG_WARN__DUPLICATE_METHOD_MATCH = YES;
				COPY_PHASE_STRIP = NO;
				DEBUG_INFORMATION_FORMAT = "dwarf-with-dsym";
				ENABLE_NS_ASSERTIONS = NO;
				ENABLE_STRICT_OBJC_MSGSEND = YES;
				GCC_C_LANGUAGE_STANDARD = gnu11;
				GCC_NO_COMMON_BLOCKS = YES;
				GCC_WARN_64_TO_32_BIT_CONVERSION = YES;
				GCC_WARN_ABOUT_RETURN_TYPE = YES_ERROR;
				GCC_WARN_UNDECLARED_SELECTOR = YES;
				GCC_WARN_UNINITIALIZED_AUTOS = YES_AGGRESSIVE;
				GCC_WARN_UNUSED_FUNCTION = YES;
				GCC_WARN_UNUSED_VARIABLE = YES;
				IPHONEOS_DEPLOYMENT_TARGET = 14.2;
				MTL_ENABLE_DEBUG_INFO = NO;
				MTL_FAST_MATH = YES;
				SDKROOT = iphoneos;
				SWIFT_COMPILATION_MODE = wholemodule;
				SWIFT_OPTIMIZATION_LEVEL = "-O";
				VALIDATE_PRODUCT = YES;
			};
			name = Release;
		};
		780822EF25A09C5D00F47810 /* Debug */ = {
			isa = XCBuildConfiguration;
			buildSettings = {
				ASSETCATALOG_COMPILER_APPICON_NAME = AppIcon;
				ASSETCATALOG_COMPILER_GLOBAL_ACCENT_COLOR_NAME = AccentColor;
				CODE_SIGN_STYLE = Automatic;
				DEVELOPMENT_ASSET_PATHS = "\"SweetSwiftUIStateAndBinding/Preview Content\"";
				DEVELOPMENT_TEAM = P4ZJYAK634;
				ENABLE_PREVIEWS = YES;
				INFOPLIST_FILE = SweetSwiftUIStateAndBinding/Info.plist;
				LD_RUNPATH_SEARCH_PATHS = (
					"$(inherited)",
					"@executable_path/Frameworks",
				);
				PRODUCT_BUNDLE_IDENTIFIER = com.hanwe.SweetSwiftUIStateAndBinding;
				PRODUCT_NAME = "$(TARGET_NAME)";
				SWIFT_VERSION = 5.0;
				TARGETED_DEVICE_FAMILY = "1,2";
			};
			name = Debug;
		};
		780822F025A09C5D00F47810 /* Release */ = {
			isa = XCBuildConfiguration;
			buildSettings = {
				ASSETCATALOG_COMPILER_APPICON_NAME = AppIcon;
				ASSETCATALOG_COMPILER_GLOBAL_ACCENT_COLOR_NAME = AccentColor;
				CODE_SIGN_STYLE = Automatic;
				DEVELOPMENT_ASSET_PATHS = "\"SweetSwiftUIStateAndBinding/Preview Content\"";
				DEVELOPMENT_TEAM = P4ZJYAK634;
				ENABLE_PREVIEWS = YES;
				INFOPLIST_FILE = SweetSwiftUIStateAndBinding/Info.plist;
				LD_RUNPATH_SEARCH_PATHS = (
					"$(inherited)",
					"@executable_path/Frameworks",
				);
				PRODUCT_BUNDLE_IDENTIFIER = com.hanwe.SweetSwiftUIStateAndBinding;
				PRODUCT_NAME = "$(TARGET_NAME)";
				SWIFT_VERSION = 5.0;
				TARGETED_DEVICE_FAMILY = "1,2";
			};
			name = Release;
		};
/* End XCBuildConfiguration section */

/* Begin XCConfigurationList section */
		780822D525A09C5A00F47810 /* Build configuration list for PBXProject "SweetSwiftUIStateAndBinding" */ = {
			isa = XCConfigurationList;
			buildConfigurations = (
				780822EC25A09C5D00F47810 /* Debug */,
				780822ED25A09C5D00F47810 /* Release */,
			);
			defaultConfigurationIsVisible = 0;
			defaultConfigurationName = Release;
		};
		780822EE25A09C5D00F47810 /* Build configuration list for PBXNativeTarget "SweetSwiftUIStateAndBinding" */ = {
			isa = XCConfigurationList;
			buildConfigurations = (
				780822EF25A09C5D00F47810 /* Debug */,
				780822F025A09C5D00F47810 /* Release */,
			);
			defaultConfigurationIsVisible = 0;
			defaultConfigurationName = Release;
		};
/* End XCConfigurationList section */
	};
	rootObject = 780822D225A09C5A00F47810 /* Project object */;
}
